{
  "version": 4,
  "terraform_version": "1.3.5",
  "serial": 14,
  "lineage": "d0b82c28-6ef3-69ee-53e8-9db09360a5d1",
  "outputs": {
    "team_id": {
      "value": 3,
      "type": "number"
    }
  },
  "resources": [
    {
      "mode": "managed",
      "type": "grafana_team",
      "name": "DevOps5-team",
      "provider": "provider[\"registry.terraform.io/grafana/grafana\"]",
      "instances": [
        {
          "schema_version": 0,
          "attributes": {
            "email": "devOps5@example.com",
            "id": "3",
            "ignore_externally_synced_members": true,
            "members": [
              "admin@localhost"
            ],
            "name": "DevOps5 Team",
            "preferences": [],
            "team_id": 3
          },
          "sensitive_attributes": [],
          "private": "bnVsbA=="
        }
      ]
    }
  ],
  "check_results": null
}
